// !$*UTF8*$!
{
	archiveVersion = 1;
	classes = {
	};
	objectVersion = 50;
	objects = {

/* Begin PBXBuildFile section */
		5CD9BA2524109A7600F64DBA /* AppDelegate.swift in Sources */ = {isa = PBXBuildFile; fileRef = 5CD9BA2424109A7600F64DBA /* AppDelegate.swift */; };
		5CD9BA2724109A7600F64DBA /* SceneDelegate.swift in Sources */ = {isa = PBXBuildFile; fileRef = 5CD9BA2624109A7600F64DBA /* SceneDelegate.swift */; };
		5CD9BA2924109A7600F64DBA /* ContentView.swift in Sources */ = {isa = PBXBuildFile; fileRef = 5CD9BA2824109A7600F64DBA /* ContentView.swift */; };
		5CD9BA2B24109A7700F64DBA /* Assets.xcassets in Resources */ = {isa = PBXBuildFile; fileRef = 5CD9BA2A24109A7700F64DBA /* Assets.xcassets */; };
		5CD9BA2E24109A7700F64DBA /* Preview Assets.xcassets in Resources */ = {isa = PBXBuildFile; fileRef = 5CD9BA2D24109A7700F64DBA /* Preview Assets.xcassets */; };
		5CD9BA3124109A7700F64DBA /* LaunchScreen.storyboard in Resources */ = {isa = PBXBuildFile; fileRef = 5CD9BA2F24109A7700F64DBA /* LaunchScreen.storyboard */; };
		5CD9BA3C24109A7700F64DBA /* ghc_exampleTests.swift in Sources */ = {isa = PBXBuildFile; fileRef = 5CD9BA3B24109A7700F64DBA /* ghc_exampleTests.swift */; };
		5CD9BA4724109A7800F64DBA /* ghc_exampleUITests.swift in Sources */ = {isa = PBXBuildFile; fileRef = 5CD9BA4624109A7800F64DBA /* ghc_exampleUITests.swift */; };
/* End PBXBuildFile section */

/* Begin PBXContainerItemProxy section */
		5CD9BA3824109A7700F64DBA /* PBXContainerItemProxy */ = {
			isa = PBXContainerItemProxy;
			containerPortal = 5CD9BA1924109A7600F64DBA /* Project object */;
			proxyType = 1;
			remoteGlobalIDString = 5CD9BA2024109A7600F64DBA;
			remoteInfo = "ghc-example";
		};
		5CD9BA4324109A7800F64DBA /* PBXContainerItemProxy */ = {
			isa = PBXContainerItemProxy;
			containerPortal = 5CD9BA1924109A7600F64DBA /* Project object */;
			proxyType = 1;
			remoteGlobalIDString = 5CD9BA2024109A7600F64DBA;
			remoteInfo = "ghc-example";
		};
/* End PBXContainerItemProxy section */

/* Begin PBXFileReference section */
		5CD9BA2124109A7600F64DBA /* ghc-example.app */ = {isa = PBXFileReference; explicitFileType = wrapper.application; includeInIndex = 0; path = "ghc-example.app"; sourceTree = BUILT_PRODUCTS_DIR; };
		5CD9BA2424109A7600F64DBA /* AppDelegate.swift */ = {isa = PBXFileReference; lastKnownFileType = sourcecode.swift; path = AppDelegate.swift; sourceTree = "<group>"; };
		5CD9BA2624109A7600F64DBA /* SceneDelegate.swift */ = {isa = PBXFileReference; lastKnownFileType = sourcecode.swift; path = SceneDelegate.swift; sourceTree = "<group>"; };
		5CD9BA2824109A7600F64DBA /* ContentView.swift */ = {isa = PBXFileReference; lastKnownFileType = sourcecode.swift; path = ContentView.swift; sourceTree = "<group>"; };
		5CD9BA2A24109A7700F64DBA /* Assets.xcassets */ = {isa = PBXFileReference; lastKnownFileType = folder.assetcatalog; path = Assets.xcassets; sourceTree = "<group>"; };
		5CD9BA2D24109A7700F64DBA /* Preview Assets.xcassets */ = {isa = PBXFileReference; lastKnownFileType = folder.assetcatalog; path = "Preview Assets.xcassets"; sourceTree = "<group>"; };
		5CD9BA3024109A7700F64DBA /* Base */ = {isa = PBXFileReference; lastKnownFileType = file.storyboard; name = Base; path = Base.lproj/LaunchScreen.storyboard; sourceTree = "<group>"; };
		5CD9BA3224109A7700F64DBA /* Info.plist */ = {isa = PBXFileReference; lastKnownFileType = text.plist.xml; path = Info.plist; sourceTree = "<group>"; };
		5CD9BA3724109A7700F64DBA /* ghc-exampleTests.xctest */ = {isa = PBXFileReference; explicitFileType = wrapper.cfbundle; includeInIndex = 0; path = "ghc-exampleTests.xctest"; sourceTree = BUILT_PRODUCTS_DIR; };
		5CD9BA3B24109A7700F64DBA /* ghc_exampleTests.swift */ = {isa = PBXFileReference; lastKnownFileType = sourcecode.swift; path = ghc_exampleTests.swift; sourceTree = "<group>"; };
		5CD9BA3D24109A7800F64DBA /* Info.plist */ = {isa = PBXFileReference; lastKnownFileType = text.plist.xml; path = Info.plist; sourceTree = "<group>"; };
		5CD9BA4224109A7800F64DBA /* ghc-exampleUITests.xctest */ = {isa = PBXFileReference; explicitFileType = wrapper.cfbundle; includeInIndex = 0; path = "ghc-exampleUITests.xctest"; sourceTree = BUILT_PRODUCTS_DIR; };
		5CD9BA4624109A7800F64DBA /* ghc_exampleUITests.swift */ = {isa = PBXFileReference; lastKnownFileType = sourcecode.swift; path = ghc_exampleUITests.swift; sourceTree = "<group>"; };
		5CD9BA4824109A7800F64DBA /* Info.plist */ = {isa = PBXFileReference; lastKnownFileType = text.plist.xml; path = Info.plist; sourceTree = "<group>"; };
/* End PBXFileReference section */

/* Begin PBXFrameworksBuildPhase section */
		5CD9BA1E24109A7600F64DBA /* Frameworks */ = {
			isa = PBXFrameworksBuildPhase;
			buildActionMask = 2147483647;
			files = (
			);
			runOnlyForDeploymentPostprocessing = 0;
		};
		5CD9BA3424109A7700F64DBA /* Frameworks */ = {
			isa = PBXFrameworksBuildPhase;
			buildActionMask = 2147483647;
			files = (
			);
			runOnlyForDeploymentPostprocessing = 0;
		};
		5CD9BA3F24109A7800F64DBA /* Frameworks */ = {
			isa = PBXFrameworksBuildPhase;
			buildActionMask = 2147483647;
			files = (
			);
			runOnlyForDeploymentPostprocessing = 0;
		};
/* End PBXFrameworksBuildPhase section */

/* Begin PBXGroup section */
		5CD9BA1824109A7600F64DBA = {
			isa = PBXGroup;
			children = (
				5CD9BA2324109A7600F64DBA /* ghc-example */,
				5CD9BA3A24109A7700F64DBA /* ghc-exampleTests */,
				5CD9BA4524109A7800F64DBA /* ghc-exampleUITests */,
				5CD9BA2224109A7600F64DBA /* Products */,
			);
			sourceTree = "<group>";
		};
		5CD9BA2224109A7600F64DBA /* Products */ = {
			isa = PBXGroup;
			children = (
				5CD9BA2124109A7600F64DBA /* ghc-example.app */,
				5CD9BA3724109A7700F64DBA /* ghc-exampleTests.xctest */,
				5CD9BA4224109A7800F64DBA /* ghc-exampleUITests.xctest */,
			);
			name = Products;
			sourceTree = "<group>";
		};
		5CD9BA2324109A7600F64DBA /* ghc-example */ = {
			isa = PBXGroup;
			children = (
				5CD9BA2424109A7600F64DBA /* AppDelegate.swift */,
				5CD9BA2624109A7600F64DBA /* SceneDelegate.swift */,
				5CD9BA2824109A7600F64DBA /* ContentView.swift */,
				5CD9BA2A24109A7700F64DBA /* Assets.xcassets */,
				5CD9BA2F24109A7700F64DBA /* LaunchScreen.storyboard */,
				5CD9BA3224109A7700F64DBA /* Info.plist */,
				5CD9BA2C24109A7700F64DBA /* Preview Content */,
			);
			path = "ghc-example";
			sourceTree = "<group>";
		};
		5CD9BA2C24109A7700F64DBA /* Preview Content */ = {
			isa = PBXGroup;
			children = (
				5CD9BA2D24109A7700F64DBA /* Preview Assets.xcassets */,
			);
			path = "Preview Content";
			sourceTree = "<group>";
		};
		5CD9BA3A24109A7700F64DBA /* ghc-exampleTests */ = {
			isa = PBXGroup;
			children = (
				5CD9BA3B24109A7700F64DBA /* ghc_exampleTests.swift */,
				5CD9BA3D24109A7800F64DBA /* Info.plist */,
			);
			path = "ghc-exampleTests";
			sourceTree = "<group>";
		};
		5CD9BA4524109A7800F64DBA /* ghc-exampleUITests */ = {
			isa = PBXGroup;
			children = (
				5CD9BA4624109A7800F64DBA /* ghc_exampleUITests.swift */,
				5CD9BA4824109A7800F64DBA /* Info.plist */,
			);
			path = "ghc-exampleUITests";
			sourceTree = "<group>";
		};
/* End PBXGroup section */

/* Begin PBXNativeTarget section */
		5CD9BA2024109A7600F64DBA /* ghc-example */ = {
			isa = PBXNativeTarget;
			buildConfigurationList = 5CD9BA4B24109A7800F64DBA /* Build configuration list for PBXNativeTarget "ghc-example" */;
			buildPhases = (
				5CD9BA1D24109A7600F64DBA /* Sources */,
				5CD9BA1E24109A7600F64DBA /* Frameworks */,
				5CD9BA1F24109A7600F64DBA /* Resources */,
			);
			buildRules = (
			);
			dependencies = (
			);
			name = "ghc-example";
			productName = "ghc-example";
			productReference = 5CD9BA2124109A7600F64DBA /* ghc-example.app */;
			productType = "com.apple.product-type.application";
		};
		5CD9BA3624109A7700F64DBA /* ghc-exampleTests */ = {
			isa = PBXNativeTarget;
			buildConfigurationList = 5CD9BA4E24109A7800F64DBA /* Build configuration list for PBXNativeTarget "ghc-exampleTests" */;
			buildPhases = (
				5CD9BA3324109A7700F64DBA /* Sources */,
				5CD9BA3424109A7700F64DBA /* Frameworks */,
				5CD9BA3524109A7700F64DBA /* Resources */,
			);
			buildRules = (
			);
			dependencies = (
				5CD9BA3924109A7700F64DBA /* PBXTargetDependency */,
			);
			name = "ghc-exampleTests";
			productName = "ghc-exampleTests";
			productReference = 5CD9BA3724109A7700F64DBA /* ghc-exampleTests.xctest */;
			productType = "com.apple.product-type.bundle.unit-test";
		};
		5CD9BA4124109A7800F64DBA /* ghc-exampleUITests */ = {
			isa = PBXNativeTarget;
			buildConfigurationList = 5CD9BA5124109A7800F64DBA /* Build configuration list for PBXNativeTarget "ghc-exampleUITests" */;
			buildPhases = (
				5CD9BA3E24109A7800F64DBA /* Sources */,
				5CD9BA3F24109A7800F64DBA /* Frameworks */,
				5CD9BA4024109A7800F64DBA /* Resources */,
			);
			buildRules = (
			);
			dependencies = (
				5CD9BA4424109A7800F64DBA /* PBXTargetDependency */,
			);
			name = "ghc-exampleUITests";
			productName = "ghc-exampleUITests";
			productReference = 5CD9BA4224109A7800F64DBA /* ghc-exampleUITests.xctest */;
			productType = "com.apple.product-type.bundle.ui-testing";
		};
/* End PBXNativeTarget section */

/* Begin PBXProject section */
		5CD9BA1924109A7600F64DBA /* Project object */ = {
			isa = PBXProject;
			attributes = {
				LastSwiftUpdateCheck = 1130;
				LastUpgradeCheck = 1130;
				ORGANIZATIONNAME = "Changsheng Liu";
				TargetAttributes = {
					5CD9BA2024109A7600F64DBA = {
						CreatedOnToolsVersion = 11.3.1;
					};
					5CD9BA3624109A7700F64DBA = {
						CreatedOnToolsVersion = 11.3.1;
						TestTargetID = 5CD9BA2024109A7600F64DBA;
					};
					5CD9BA4124109A7800F64DBA = {
						CreatedOnToolsVersion = 11.3.1;
						TestTargetID = 5CD9BA2024109A7600F64DBA;
					};
				};
			};
			buildConfigurationList = 5CD9BA1C24109A7600F64DBA /* Build configuration list for PBXProject "ghc-example" */;
			compatibilityVersion = "Xcode 9.3";
			developmentRegion = en;
			hasScannedForEncodings = 0;
			knownRegions = (
				en,
				Base,
			);
			mainGroup = 5CD9BA1824109A7600F64DBA;
			productRefGroup = 5CD9BA2224109A7600F64DBA /* Products */;
			projectDirPath = "";
			projectRoot = "";
			targets = (
				5CD9BA2024109A7600F64DBA /* ghc-example */,
				5CD9BA3624109A7700F64DBA /* ghc-exampleTests */,
				5CD9BA4124109A7800F64DBA /* ghc-exampleUITests */,
			);
		};
/* End PBXProject section */

/* Begin PBXResourcesBuildPhase section */
		5CD9BA1F24109A7600F64DBA /* Resources */ = {
			isa = PBXResourcesBuildPhase;
			buildActionMask = 2147483647;
			files = (
				5CD9BA3124109A7700F64DBA /* LaunchScreen.storyboard in Resources */,
				5CD9BA2E24109A7700F64DBA /* Preview Assets.xcassets in Resources */,
				5CD9BA2B24109A7700F64DBA /* Assets.xcassets in Resources */,
			);
			runOnlyForDeploymentPostprocessing = 0;
		};
		5CD9BA3524109A7700F64DBA /* Resources */ = {
			isa = PBXResourcesBuildPhase;
			buildActionMask = 2147483647;
			files = (
			);
			runOnlyForDeploymentPostprocessing = 0;
		};
		5CD9BA4024109A7800F64DBA /* Resources */ = {
			isa = PBXResourcesBuildPhase;
			buildActionMask = 2147483647;
			files = (
			);
			runOnlyForDeploymentPostprocessing = 0;
		};
/* End PBXResourcesBuildPhase section */

/* Begin PBXSourcesBuildPhase section */
		5CD9BA1D24109A7600F64DBA /* Sources */ = {
			isa = PBXSourcesBuildPhase;
			buildActionMask = 2147483647;
			files = (
				5CD9BA2524109A7600F64DBA /* AppDelegate.swift in Sources */,
				5CD9BA2724109A7600F64DBA /* SceneDelegate.swift in Sources */,
				5CD9BA2924109A7600F64DBA /* ContentView.swift in Sources */,
			);
			runOnlyForDeploymentPostprocessing = 0;
		};
		5CD9BA3324109A7700F64DBA /* Sources */ = {
			isa = PBXSourcesBuildPhase;
			buildActionMask = 2147483647;
			files = (
				5CD9BA3C24109A7700F64DBA /* ghc_exampleTests.swift in Sources */,
			);
			runOnlyForDeploymentPostprocessing = 0;
		};
		5CD9BA3E24109A7800F64DBA /* Sources */ = {
			isa = PBXSourcesBuildPhase;
			buildActionMask = 2147483647;
			files = (
				5CD9BA4724109A7800F64DBA /* ghc_exampleUITests.swift in Sources */,
			);
			runOnlyForDeploymentPostprocessing = 0;
		};
/* End PBXSourcesBuildPhase section */

/* Begin PBXTargetDependency section */
		5CD9BA3924109A7700F64DBA /* PBXTargetDependency */ = {
			isa = PBXTargetDependency;
			target = 5CD9BA2024109A7600F64DBA /* ghc-example */;
			targetProxy = 5CD9BA3824109A7700F64DBA /* PBXContainerItemProxy */;
		};
		5CD9BA4424109A7800F64DBA /* PBXTargetDependency */ = {
			isa = PBXTargetDependency;
			target = 5CD9BA2024109A7600F64DBA /* ghc-example */;
			targetProxy = 5CD9BA4324109A7800F64DBA /* PBXContainerItemProxy */;
		};
/* End PBXTargetDependency section */

/* Begin PBXVariantGroup section */
		5CD9BA2F24109A7700F64DBA /* LaunchScreen.storyboard */ = {
			isa = PBXVariantGroup;
			children = (
				5CD9BA3024109A7700F64DBA /* Base */,
			);
			name = LaunchScreen.storyboard;
			sourceTree = "<group>";
		};
/* End PBXVariantGroup section */

/* Begin XCBuildConfiguration section */
		5CD9BA4924109A7800F64DBA /* Debug */ = {
			isa = XCBuildConfiguration;
			buildSettings = {
				ALWAYS_SEARCH_USER_PATHS = NO;
				CLANG_ANALYZER_NONNULL = YES;
				CLANG_ANALYZER_NUMBER_OBJECT_CONVERSION = YES_AGGRESSIVE;
				CLANG_CXX_LANGUAGE_STANDARD = "gnu++14";
				CLANG_CXX_LIBRARY = "libc++";
				CLANG_ENABLE_MODULES = YES;
				CLANG_ENABLE_OBJC_ARC = YES;
				CLANG_ENABLE_OBJC_WEAK = YES;
				CLANG_WARN_BLOCK_CAPTURE_AUTORELEASING = YES;
				CLANG_WARN_BOOL_CONVERSION = YES;
				CLANG_WARN_COMMA = YES;
				CLANG_WARN_CONSTANT_CONVERSION = YES;
				CLANG_WARN_DEPRECATED_OBJC_IMPLEMENTATIONS = YES;
				CLANG_WARN_DIRECT_OBJC_ISA_USAGE = YES_ERROR;
				CLANG_WARN_DOCUMENTATION_COMMENTS = YES;
				CLANG_WARN_EMPTY_BODY = YES;
				CLANG_WARN_ENUM_CONVERSION = YES;
				CLANG_WARN_INFINITE_RECURSION = YES;
				CLANG_WARN_INT_CONVERSION = YES;
				CLANG_WARN_NON_LITERAL_NULL_CONVERSION = YES;
				CLANG_WARN_OBJC_IMPLICIT_RETAIN_SELF = YES;
				CLANG_WARN_OBJC_LITERAL_CONVERSION = YES;
				CLANG_WARN_OBJC_ROOT_CLASS = YES_ERROR;
				CLANG_WARN_RANGE_LOOP_ANALYSIS = YES;
				CLANG_WARN_STRICT_PROTOTYPES = YES;
				CLANG_WARN_SUSPICIOUS_MOVE = YES;
				CLANG_WARN_UNGUARDED_AVAILABILITY = YES_AGGRESSIVE;
				CLANG_WARN_UNREACHABLE_CODE = YES;
				CLANG_WARN__DUPLICATE_METHOD_MATCH = YES;
				COPY_PHASE_STRIP = NO;
				DEBUG_INFORMATION_FORMAT = dwarf;
				ENABLE_STRICT_OBJC_MSGSEND = YES;
				ENABLE_TESTABILITY = YES;
				GCC_C_LANGUAGE_STANDARD = gnu11;
				GCC_DYNAMIC_NO_PIC = NO;
				GCC_NO_COMMON_BLOCKS = YES;
				GCC_OPTIMIZATION_LEVEL = 0;
				GCC_PREPROCESSOR_DEFINITIONS = (
					"DEBUG=1",
					"$(inherited)",
				);
				GCC_WARN_64_TO_32_BIT_CONVERSION = YES;
				GCC_WARN_ABOUT_RETURN_TYPE = YES_ERROR;
				GCC_WARN_UNDECLARED_SELECTOR = YES;
				GCC_WARN_UNINITIALIZED_AUTOS = YES_AGGRESSIVE;
				GCC_WARN_UNUSED_FUNCTION = YES;
				GCC_WARN_UNUSED_VARIABLE = YES;
				IPHONEOS_DEPLOYMENT_TARGET = 13.2;
				MTL_ENABLE_DEBUG_INFO = INCLUDE_SOURCE;
				MTL_FAST_MATH = YES;
				ONLY_ACTIVE_ARCH = YES;
				SDKROOT = iphoneos;
				SWIFT_ACTIVE_COMPILATION_CONDITIONS = DEBUG;
				SWIFT_OPTIMIZATION_LEVEL = "-Onone";
			};
			name = Debug;
		};
		5CD9BA4A24109A7800F64DBA /* Release */ = {
			isa = XCBuildConfiguration;
			buildSettings = {
				ALWAYS_SEARCH_USER_PATHS = NO;
				CLANG_ANALYZER_NONNULL = YES;
				CLANG_ANALYZER_NUMBER_OBJECT_CONVERSION = YES_AGGRESSIVE;
				CLANG_CXX_LANGUAGE_STANDARD = "gnu++14";
				CLANG_CXX_LIBRARY = "libc++";
				CLANG_ENABLE_MODULES = YES;
				CLANG_ENABLE_OBJC_ARC = YES;
				CLANG_ENABLE_OBJC_WEAK = YES;
				CLANG_WARN_BLOCK_CAPTURE_AUTORELEASING = YES;
				CLANG_WARN_BOOL_CONVERSION = YES;
				CLANG_WARN_COMMA = YES;
				CLANG_WARN_CONSTANT_CONVERSION = YES;
				CLANG_WARN_DEPRECATED_OBJC_IMPLEMENTATIONS = YES;
				CLANG_WARN_DIRECT_OBJC_ISA_USAGE = YES_ERROR;
				CLANG_WARN_DOCUMENTATION_COMMENTS = YES;
				CLANG_WARN_EMPTY_BODY = YES;
				CLANG_WARN_ENUM_CONVERSION = YES;
				CLANG_WARN_INFINITE_RECURSION = YES;
				CLANG_WARN_INT_CONVERSION = YES;
				CLANG_WARN_NON_LITERAL_NULL_CONVERSION = YES;
				CLANG_WARN_OBJC_IMPLICIT_RETAIN_SELF = YES;
				CLANG_WARN_OBJC_LITERAL_CONVERSION = YES;
				CLANG_WARN_OBJC_ROOT_CLASS = YES_ERROR;
				CLANG_WARN_RANGE_LOOP_ANALYSIS = YES;
				CLANG_WARN_STRICT_PROTOTYPES = YES;
				CLANG_WARN_SUSPICIOUS_MOVE = YES;
				CLANG_WARN_UNGUARDED_AVAILABILITY = YES_AGGRESSIVE;
				CLANG_WARN_UNREACHABLE_CODE = YES;
				CLANG_WARN__DUPLICATE_METHOD_MATCH = YES;
				COPY_PHASE_STRIP = NO;
				DEBUG_INFORMATION_FORMAT = "dwarf-with-dsym";
				ENABLE_NS_ASSERTIONS = NO;
				ENABLE_STRICT_OBJC_MSGSEND = YES;
				GCC_C_LANGUAGE_STANDARD = gnu11;
				GCC_NO_COMMON_BLOCKS = YES;
				GCC_WARN_64_TO_32_BIT_CONVERSION = YES;
				GCC_WARN_ABOUT_RETURN_TYPE = YES_ERROR;
				GCC_WARN_UNDECLARED_SELECTOR = YES;
				GCC_WARN_UNINITIALIZED_AUTOS = YES_AGGRESSIVE;
				GCC_WARN_UNUSED_FUNCTION = YES;
				GCC_WARN_UNUSED_VARIABLE = YES;
				IPHONEOS_DEPLOYMENT_TARGET = 13.2;
				MTL_ENABLE_DEBUG_INFO = NO;
				MTL_FAST_MATH = YES;
				SDKROOT = iphoneos;
				SWIFT_COMPILATION_MODE = wholemodule;
				SWIFT_OPTIMIZATION_LEVEL = "-O";
				VALIDATE_PRODUCT = YES;
			};
			name = Release;
		};
		5CD9BA4C24109A7800F64DBA /* Debug */ = {
			isa = XCBuildConfiguration;
			buildSettings = {
				ASSETCATALOG_COMPILER_APPICON_NAME = AppIcon;
				CODE_SIGN_STYLE = Automatic;
				DEVELOPMENT_ASSET_PATHS = "\"ghc-example/Preview Content\"";
				DEVELOPMENT_TEAM = PXZ4UH4AFJ;
				ENABLE_PREVIEWS = YES;
				INFOPLIST_FILE = "ghc-example/Info.plist";
				LD_RUNPATH_SEARCH_PATHS = (
					"$(inherited)",
					"@executable_path/Frameworks",
				);
				PRODUCT_BUNDLE_IDENTIFIER = "yunzhu.ghc-example";
				PRODUCT_NAME = "$(TARGET_NAME)";
				SWIFT_VERSION = 5.0;
				TARGETED_DEVICE_FAMILY = "1,2";
			};
			name = Debug;
		};
		5CD9BA4D24109A7800F64DBA /* Release */ = {
			isa = XCBuildConfiguration;
			buildSettings = {
				ASSETCATALOG_COMPILER_APPICON_NAME = AppIcon;
				CODE_SIGN_STYLE = Automatic;
				DEVELOPMENT_ASSET_PATHS = "\"ghc-example/Preview Content\"";
				DEVELOPMENT_TEAM = PXZ4UH4AFJ;
				ENABLE_PREVIEWS = YES;
				INFOPLIST_FILE = "ghc-example/Info.plist";
				LD_RUNPATH_SEARCH_PATHS = (
					"$(inherited)",
					"@executable_path/Frameworks",
				);
				PRODUCT_BUNDLE_IDENTIFIER = "yunzhu.ghc-example";
				PRODUCT_NAME = "$(TARGET_NAME)";
				SWIFT_VERSION = 5.0;
				TARGETED_DEVICE_FAMILY = "1,2";
			};
			name = Release;
		};
		5CD9BA4F24109A7800F64DBA /* Debug */ = {
			isa = XCBuildConfiguration;
			buildSettings = {
				ALWAYS_EMBED_SWIFT_STANDARD_LIBRARIES = YES;
				BUNDLE_LOADER = "$(TEST_HOST)";
				CODE_SIGN_STYLE = Automatic;
				DEVELOPMENT_TEAM = PXZ4UH4AFJ;
				INFOPLIST_FILE = "ghc-exampleTests/Info.plist";
				IPHONEOS_DEPLOYMENT_TARGET = 13.2;
				LD_RUNPATH_SEARCH_PATHS = (
					"$(inherited)",
					"@executable_path/Frameworks",
					"@loader_path/Frameworks",
				);
				PRODUCT_BUNDLE_IDENTIFIER = "yunzhu.ghc-exampleTests";
				PRODUCT_NAME = "$(TARGET_NAME)";
				SWIFT_VERSION = 5.0;
				TARGETED_DEVICE_FAMILY = "1,2";
				TEST_HOST = "$(BUILT_PRODUCTS_DIR)/ghc-example.app/ghc-example";
			};
			name = Debug;
		};
		5CD9BA5024109A7800F64DBA /* Release */ = {
			isa = XCBuildConfiguration;
			buildSettings = {
				ALWAYS_EMBED_SWIFT_STANDARD_LIBRARIES = YES;
				BUNDLE_LOADER = "$(TEST_HOST)";
				CODE_SIGN_STYLE = Automatic;
				DEVELOPMENT_TEAM = PXZ4UH4AFJ;
				INFOPLIST_FILE = "ghc-exampleTests/Info.plist";
				IPHONEOS_DEPLOYMENT_TARGET = 13.2;
				LD_RUNPATH_SEARCH_PATHS = (
					"$(inherited)",
					"@executable_path/Frameworks",
					"@loader_path/Frameworks",
				);
				PRODUCT_BUNDLE_IDENTIFIER = "yunzhu.ghc-exampleTests";
				PRODUCT_NAME = "$(TARGET_NAME)";
				SWIFT_VERSION = 5.0;
				TARGETED_DEVICE_FAMILY = "1,2";
				TEST_HOST = "$(BUILT_PRODUCTS_DIR)/ghc-example.app/ghc-example";
			};
			name = Release;
		};
		5CD9BA5224109A7800F64DBA /* Debug */ = {
			isa = XCBuildConfiguration;
			buildSettings = {
				ALWAYS_EMBED_SWIFT_STANDARD_LIBRARIES = YES;
				CODE_SIGN_STYLE = Automatic;
				DEVELOPMENT_TEAM = PXZ4UH4AFJ;
				INFOPLIST_FILE = "ghc-exampleUITests/Info.plist";
				LD_RUNPATH_SEARCH_PATHS = (
					"$(inherited)",
					"@executable_path/Frameworks",
					"@loader_path/Frameworks",
				);
				PRODUCT_BUNDLE_IDENTIFIER = "yunzhu.ghc-exampleUITests";
				PRODUCT_NAME = "$(TARGET_NAME)";
				SWIFT_VERSION = 5.0;
				TARGETED_DEVICE_FAMILY = "1,2";
				TEST_TARGET_NAME = "ghc-example";
			};
			name = Debug;
		};
		5CD9BA5324109A7800F64DBA /* Release */ = {
			isa = XCBuildConfiguration;
			buildSettings = {
				ALWAYS_EMBED_SWIFT_STANDARD_LIBRARIES = YES;
				CODE_SIGN_STYLE = Automatic;
				DEVELOPMENT_TEAM = PXZ4UH4AFJ;
				INFOPLIST_FILE = "ghc-exampleUITests/Info.plist";
				LD_RUNPATH_SEARCH_PATHS = (
					"$(inherited)",
					"@executable_path/Frameworks",
					"@loader_path/Frameworks",
				);
				PRODUCT_BUNDLE_IDENTIFIER = "yunzhu.ghc-exampleUITests";
				PRODUCT_NAME = "$(TARGET_NAME)";
				SWIFT_VERSION = 5.0;
				TARGETED_DEVICE_FAMILY = "1,2";
				TEST_TARGET_NAME = "ghc-example";
			};
			name = Release;
		};
/* End XCBuildConfiguration section */

/* Begin XCConfigurationList section */
		5CD9BA1C24109A7600F64DBA /* Build configuration list for PBXProject "ghc-example" */ = {
			isa = XCConfigurationList;
			buildConfigurations = (
				5CD9BA4924109A7800F64DBA /* Debug */,
				5CD9BA4A24109A7800F64DBA /* Release */,
			);
			defaultConfigurationIsVisible = 0;
			defaultConfigurationName = Release;
		};
		5CD9BA4B24109A7800F64DBA /* Build configuration list for PBXNativeTarget "ghc-example" */ = {
			isa = XCConfigurationList;
			buildConfigurations = (
				5CD9BA4C24109A7800F64DBA /* Debug */,
				5CD9BA4D24109A7800F64DBA /* Release */,
			);
			defaultConfigurationIsVisible = 0;
			defaultConfigurationName = Release;
		};
		5CD9BA4E24109A7800F64DBA /* Build configuration list for PBXNativeTarget "ghc-exampleTests" */ = {
			isa = XCConfigurationList;
			buildConfigurations = (
				5CD9BA4F24109A7800F64DBA /* Debug */,
				5CD9BA5024109A7800F64DBA /* Release */,
			);
			defaultConfigurationIsVisible = 0;
			defaultConfigurationName = Release;
		};
		5CD9BA5124109A7800F64DBA /* Build configuration list for PBXNativeTarget "ghc-exampleUITests" */ = {
			isa = XCConfigurationList;
			buildConfigurations = (
				5CD9BA5224109A7800F64DBA /* Debug */,
				5CD9BA5324109A7800F64DBA /* Release */,
			);
			defaultConfigurationIsVisible = 0;
			defaultConfigurationName = Release;
		};
/* End XCConfigurationList section */
	};
	rootObject = 5CD9BA1924109A7600F64DBA /* Project object */;
}
